// !$*UTF8*$!
{
	archiveVersion = 1;
	classes = {
	};
	objectVersion = 77;
	objects = {

/* Begin PBXContainerItemProxy section */
		CDF9036D2D0ADBDE00593BE3 /* PBXContainerItemProxy */ = {
			isa = PBXContainerItemProxy;
			containerPortal = CDF903522D0ADBDC00593BE3 /* Project object */;
			proxyType = 1;
			remoteGlobalIDString = CDF903592D0ADBDC00593BE3;
			remoteInfo = MatZip;
		};
		CDF903772D0ADBDE00593BE3 /* PBXContainerItemProxy */ = {
			isa = PBXContainerItemProxy;
			containerPortal = CDF903522D0ADBDC00593BE3 /* Project object */;
			proxyType = 1;
			remoteGlobalIDString = CDF903592D0ADBDC00593BE3;
			remoteInfo = MatZip;
		};
/* End PBXContainerItemProxy section */

/* Begin PBXFileReference section */
		CDF9035A2D0ADBDC00593BE3 /* MatZip.app */ = {isa = PBXFileReference; explicitFileType = wrapper.application; includeInIndex = 0; path = MatZip.app; sourceTree = BUILT_PRODUCTS_DIR; };
		CDF9036C2D0ADBDE00593BE3 /* MatZipTests.xctest */ = {isa = PBXFileReference; explicitFileType = wrapper.cfbundle; includeInIndex = 0; path = MatZipTests.xctest; sourceTree = BUILT_PRODUCTS_DIR; };
		CDF903762D0ADBDE00593BE3 /* MatZipUITests.xctest */ = {isa = PBXFileReference; explicitFileType = wrapper.cfbundle; includeInIndex = 0; path = MatZipUITests.xctest; sourceTree = BUILT_PRODUCTS_DIR; };
/* End PBXFileReference section */

/* Begin PBXFileSystemSynchronizedRootGroup section */
		CDF9035C2D0ADBDC00593BE3 /* MatZip */ = {
			isa = PBXFileSystemSynchronizedRootGroup;
			path = MatZip;
			sourceTree = "<group>";
		};
		CDF9036F2D0ADBDE00593BE3 /* MatZipTests */ = {
			isa = PBXFileSystemSynchronizedRootGroup;
			path = MatZipTests;
			sourceTree = "<group>";
		};
		CDF903792D0ADBDE00593BE3 /* MatZipUITests */ = {
			isa = PBXFileSystemSynchronizedRootGroup;
			path = MatZipUITests;
			sourceTree = "<group>";
		};
/* End PBXFileSystemSynchronizedRootGroup section */

/* Begin PBXFrameworksBuildPhase section */
		CDF903572D0ADBDC00593BE3 /* Frameworks */ = {
			isa = PBXFrameworksBuildPhase;
			buildActionMask = 2147483647;
			files = (
			);
			runOnlyForDeploymentPostprocessing = 0;
		};
		CDF903692D0ADBDE00593BE3 /* Frameworks */ = {
			isa = PBXFrameworksBuildPhase;
			buildActionMask = 2147483647;
			files = (
			);
			runOnlyForDeploymentPostprocessing = 0;
		};
		CDF903732D0ADBDE00593BE3 /* Frameworks */ = {
			isa = PBXFrameworksBuildPhase;
			buildActionMask = 2147483647;
			files = (
			);
			runOnlyForDeploymentPostprocessing = 0;
		};
/* End PBXFrameworksBuildPhase section */

/* Begin PBXGroup section */
		CDF903512D0ADBDC00593BE3 = {
			isa = PBXGroup;
			children = (
				CDF9035C2D0ADBDC00593BE3 /* MatZip */,
				CDF9036F2D0ADBDE00593BE3 /* MatZipTests */,
				CDF903792D0ADBDE00593BE3 /* MatZipUITests */,
				CDF9035B2D0ADBDC00593BE3 /* Products */,
			);
			sourceTree = "<group>";
		};
		CDF9035B2D0ADBDC00593BE3 /* Products */ = {
			isa = PBXGroup;
			children = (
				CDF9035A2D0ADBDC00593BE3 /* MatZip.app */,
				CDF9036C2D0ADBDE00593BE3 /* MatZipTests.xctest */,
				CDF903762D0ADBDE00593BE3 /* MatZipUITests.xctest */,
			);
			name = Products;
			sourceTree = "<group>";
		};
/* End PBXGroup section */

/* Begin PBXNativeTarget section */
		CDF903592D0ADBDC00593BE3 /* MatZip */ = {
			isa = PBXNativeTarget;
			buildConfigurationList = CDF903802D0ADBDE00593BE3 /* Build configuration list for PBXNativeTarget "MatZip" */;
			buildPhases = (
				CDF903562D0ADBDC00593BE3 /* Sources */,
				CDF903572D0ADBDC00593BE3 /* Frameworks */,
				CDF903582D0ADBDC00593BE3 /* Resources */,
			);
			buildRules = (
			);
			dependencies = (
			);
			fileSystemSynchronizedGroups = (
				CDF9035C2D0ADBDC00593BE3 /* MatZip */,
			);
			name = MatZip;
			packageProductDependencies = (
			);
			productName = MatZip;
			productReference = CDF9035A2D0ADBDC00593BE3 /* MatZip.app */;
			productType = "com.apple.product-type.application";
		};
		CDF9036B2D0ADBDE00593BE3 /* MatZipTests */ = {
			isa = PBXNativeTarget;
			buildConfigurationList = CDF903832D0ADBDE00593BE3 /* Build configuration list for PBXNativeTarget "MatZipTests" */;
			buildPhases = (
				CDF903682D0ADBDE00593BE3 /* Sources */,
				CDF903692D0ADBDE00593BE3 /* Frameworks */,
				CDF9036A2D0ADBDE00593BE3 /* Resources */,
			);
			buildRules = (
			);
			dependencies = (
				CDF9036E2D0ADBDE00593BE3 /* PBXTargetDependency */,
			);
			fileSystemSynchronizedGroups = (
				CDF9036F2D0ADBDE00593BE3 /* MatZipTests */,
			);
			name = MatZipTests;
			packageProductDependencies = (
			);
			productName = MatZipTests;
			productReference = CDF9036C2D0ADBDE00593BE3 /* MatZipTests.xctest */;
			productType = "com.apple.product-type.bundle.unit-test";
		};
		CDF903752D0ADBDE00593BE3 /* MatZipUITests */ = {
			isa = PBXNativeTarget;
			buildConfigurationList = CDF903862D0ADBDE00593BE3 /* Build configuration list for PBXNativeTarget "MatZipUITests" */;
			buildPhases = (
				CDF903722D0ADBDE00593BE3 /* Sources */,
				CDF903732D0ADBDE00593BE3 /* Frameworks */,
				CDF903742D0ADBDE00593BE3 /* Resources */,
			);
			buildRules = (
			);
			dependencies = (
				CDF903782D0ADBDE00593BE3 /* PBXTargetDependency */,
			);
			fileSystemSynchronizedGroups = (
				CDF903792D0ADBDE00593BE3 /* MatZipUITests */,
			);
			name = MatZipUITests;
			packageProductDependencies = (
			);
			productName = MatZipUITests;
			productReference = CDF903762D0ADBDE00593BE3 /* MatZipUITests.xctest */;
			productType = "com.apple.product-type.bundle.ui-testing";
		};
/* End PBXNativeTarget section */

/* Begin PBXProject section */
		CDF903522D0ADBDC00593BE3 /* Project object */ = {
			isa = PBXProject;
			attributes = {
				BuildIndependentTargetsInParallel = 1;
				LastSwiftUpdateCheck = 1610;
				LastUpgradeCheck = 1610;
				TargetAttributes = {
					CDF903592D0ADBDC00593BE3 = {
						CreatedOnToolsVersion = 16.1;
					};
					CDF9036B2D0ADBDE00593BE3 = {
						CreatedOnToolsVersion = 16.1;
						TestTargetID = CDF903592D0ADBDC00593BE3;
					};
					CDF903752D0ADBDE00593BE3 = {
						CreatedOnToolsVersion = 16.1;
						TestTargetID = CDF903592D0ADBDC00593BE3;
					};
				};
			};
			buildConfigurationList = CDF903552D0ADBDC00593BE3 /* Build configuration list for PBXProject "MatZip" */;
			developmentRegion = en;
			hasScannedForEncodings = 0;
			knownRegions = (
				en,
				Base,
			);
			mainGroup = CDF903512D0ADBDC00593BE3;
			minimizedProjectReferenceProxies = 1;
			preferredProjectObjectVersion = 77;
			productRefGroup = CDF9035B2D0ADBDC00593BE3 /* Products */;
			projectDirPath = "";
			projectRoot = "";
			targets = (
				CDF903592D0ADBDC00593BE3 /* MatZip */,
				CDF9036B2D0ADBDE00593BE3 /* MatZipTests */,
				CDF903752D0ADBDE00593BE3 /* MatZipUITests */,
			);
		};
/* End PBXProject section */

/* Begin PBXResourcesBuildPhase section */
		CDF903582D0ADBDC00593BE3 /* Resources */ = {
			isa = PBXResourcesBuildPhase;
			buildActionMask = 2147483647;
			files = (
			);
			runOnlyForDeploymentPostprocessing = 0;
		};
		CDF9036A2D0ADBDE00593BE3 /* Resources */ = {
			isa = PBXResourcesBuildPhase;
			buildActionMask = 2147483647;
			files = (
			);
			runOnlyForDeploymentPostprocessing = 0;
		};
		CDF903742D0ADBDE00593BE3 /* Resources */ = {
			isa = PBXResourcesBuildPhase;
			buildActionMask = 2147483647;
			files = (
			);
			runOnlyForDeploymentPostprocessing = 0;
		};
/* End PBXResourcesBuildPhase section */

/* Begin PBXSourcesBuildPhase section */
		CDF903562D0ADBDC00593BE3 /* Sources */ = {
			isa = PBXSourcesBuildPhase;
			buildActionMask = 2147483647;
			files = (
			);
			runOnlyForDeploymentPostprocessing = 0;
		};
		CDF903682D0ADBDE00593BE3 /* Sources */ = {
			isa = PBXSourcesBuildPhase;
			buildActionMask = 2147483647;
			files = (
			);
			runOnlyForDeploymentPostprocessing = 0;
		};
		CDF903722D0ADBDE00593BE3 /* Sources */ = {
			isa = PBXSourcesBuildPhase;
			buildActionMask = 2147483647;
			files = (
			);
			runOnlyForDeploymentPostprocessing = 0;
		};
/* End PBXSourcesBuildPhase section */

/* Begin PBXTargetDependency section */
		CDF9036E2D0ADBDE00593BE3 /* PBXTargetDependency */ = {
			isa = PBXTargetDependency;
			target = CDF903592D0ADBDC00593BE3 /* MatZip */;
			targetProxy = CDF9036D2D0ADBDE00593BE3 /* PBXContainerItemProxy */;
		};
		CDF903782D0ADBDE00593BE3 /* PBXTargetDependency */ = {
			isa = PBXTargetDependency;
			target = CDF903592D0ADBDC00593BE3 /* MatZip */;
			targetProxy = CDF903772D0ADBDE00593BE3 /* PBXContainerItemProxy */;
		};
/* End PBXTargetDependency section */

/* Begin XCBuildConfiguration section */
		CDF9037E2D0ADBDE00593BE3 /* Debug */ = {
			isa = XCBuildConfiguration;
			buildSettings = {
				ALWAYS_SEARCH_USER_PATHS = NO;
				ASSETCATALOG_COMPILER_GENERATE_SWIFT_ASSET_SYMBOL_EXTENSIONS = YES;
				CLANG_ANALYZER_NONNULL = YES;
				CLANG_ANALYZER_NUMBER_OBJECT_CONVERSION = YES_AGGRESSIVE;
				CLANG_CXX_LANGUAGE_STANDARD = "gnu++20";
				CLANG_ENABLE_MODULES = YES;
				CLANG_ENABLE_OBJC_ARC = YES;
				CLANG_ENABLE_OBJC_WEAK = YES;
				CLANG_WARN_BLOCK_CAPTURE_AUTORELEASING = YES;
				CLANG_WARN_BOOL_CONVERSION = YES;
				CLANG_WARN_COMMA = YES;
				CLANG_WARN_CONSTANT_CONVERSION = YES;
				CLANG_WARN_DEPRECATED_OBJC_IMPLEMENTATIONS = YES;
				CLANG_WARN_DIRECT_OBJC_ISA_USAGE = YES_ERROR;
				CLANG_WARN_DOCUMENTATION_COMMENTS = YES;
				CLANG_WARN_EMPTY_BODY = YES;
				CLANG_WARN_ENUM_CONVERSION = YES;
				CLANG_WARN_INFINITE_RECURSION = YES;
				CLANG_WARN_INT_CONVERSION = YES;
				CLANG_WARN_NON_LITERAL_NULL_CONVERSION = YES;
				CLANG_WARN_OBJC_IMPLICIT_RETAIN_SELF = YES;
				CLANG_WARN_OBJC_LITERAL_CONVERSION = YES;
				CLANG_WARN_OBJC_ROOT_CLASS = YES_ERROR;
				CLANG_WARN_QUOTED_INCLUDE_IN_FRAMEWORK_HEADER = YES;
				CLANG_WARN_RANGE_LOOP_ANALYSIS = YES;
				CLANG_WARN_STRICT_PROTOTYPES = YES;
				CLANG_WARN_SUSPICIOUS_MOVE = YES;
				CLANG_WARN_UNGUARDED_AVAILABILITY = YES_AGGRESSIVE;
				CLANG_WARN_UNREACHABLE_CODE = YES;
				CLANG_WARN__DUPLICATE_METHOD_MATCH = YES;
				COPY_PHASE_STRIP = NO;
				DEBUG_INFORMATION_FORMAT = dwarf;
				ENABLE_STRICT_OBJC_MSGSEND = YES;
				ENABLE_TESTABILITY = YES;
				ENABLE_USER_SCRIPT_SANDBOXING = YES;
				GCC_C_LANGUAGE_STANDARD = gnu17;
				GCC_DYNAMIC_NO_PIC = NO;
				GCC_NO_COMMON_BLOCKS = YES;
				GCC_OPTIMIZATION_LEVEL = 0;
				GCC_PREPROCESSOR_DEFINITIONS = (
					"DEBUG=1",
					"$(inherited)",
				);
				GCC_WARN_64_TO_32_BIT_CONVERSION = YES;
				GCC_WARN_ABOUT_RETURN_TYPE = YES_ERROR;
				GCC_WARN_UNDECLARED_SELECTOR = YES;
				GCC_WARN_UNINITIALIZED_AUTOS = YES_AGGRESSIVE;
				GCC_WARN_UNUSED_FUNCTION = YES;
				GCC_WARN_UNUSED_VARIABLE = YES;
				IPHONEOS_DEPLOYMENT_TARGET = 18.1;
				LOCALIZATION_PREFERS_STRING_CATALOGS = YES;
				MTL_ENABLE_DEBUG_INFO = INCLUDE_SOURCE;
				MTL_FAST_MATH = YES;
				ONLY_ACTIVE_ARCH = YES;
				SDKROOT = iphoneos;
				SWIFT_ACTIVE_COMPILATION_CONDITIONS = "DEBUG $(inherited)";
				SWIFT_OPTIMIZATION_LEVEL = "-Onone";
			};
			name = Debug;
		};
		CDF9037F2D0ADBDE00593BE3 /* Release */ = {
			isa = XCBuildConfiguration;
			buildSettings = {
				ALWAYS_SEARCH_USER_PATHS = NO;
				ASSETCATALOG_COMPILER_GENERATE_SWIFT_ASSET_SYMBOL_EXTENSIONS = YES;
				CLANG_ANALYZER_NONNULL = YES;
				CLANG_ANALYZER_NUMBER_OBJECT_CONVERSION = YES_AGGRESSIVE;
				CLANG_CXX_LANGUAGE_STANDARD = "gnu++20";
				CLANG_ENABLE_MODULES = YES;
				CLANG_ENABLE_OBJC_ARC = YES;
				CLANG_ENABLE_OBJC_WEAK = YES;
				CLANG_WARN_BLOCK_CAPTURE_AUTORELEASING = YES;
				CLANG_WARN_BOOL_CONVERSION = YES;
				CLANG_WARN_COMMA = YES;
				CLANG_WARN_CONSTANT_CONVERSION = YES;
				CLANG_WARN_DEPRECATED_OBJC_IMPLEMENTATIONS = YES;
				CLANG_WARN_DIRECT_OBJC_ISA_USAGE = YES_ERROR;
				CLANG_WARN_DOCUMENTATION_COMMENTS = YES;
				CLANG_WARN_EMPTY_BODY = YES;
				CLANG_WARN_ENUM_CONVERSION = YES;
				CLANG_WARN_INFINITE_RECURSION = YES;
				CLANG_WARN_INT_CONVERSION = YES;
				CLANG_WARN_NON_LITERAL_NULL_CONVERSION = YES;
				CLANG_WARN_OBJC_IMPLICIT_RETAIN_SELF = YES;
				CLANG_WARN_OBJC_LITERAL_CONVERSION = YES;
				CLANG_WARN_OBJC_ROOT_CLASS = YES_ERROR;
				CLANG_WARN_QUOTED_INCLUDE_IN_FRAMEWORK_HEADER = YES;
				CLANG_WARN_RANGE_LOOP_ANALYSIS = YES;
				CLANG_WARN_STRICT_PROTOTYPES = YES;
				CLANG_WARN_SUSPICIOUS_MOVE = YES;
				CLANG_WARN_UNGUARDED_AVAILABILITY = YES_AGGRESSIVE;
				CLANG_WARN_UNREACHABLE_CODE = YES;
				CLANG_WARN__DUPLICATE_METHOD_MATCH = YES;
				COPY_PHASE_STRIP = NO;
				DEBUG_INFORMATION_FORMAT = "dwarf-with-dsym";
				ENABLE_NS_ASSERTIONS = NO;
				ENABLE_STRICT_OBJC_MSGSEND = YES;
				ENABLE_USER_SCRIPT_SANDBOXING = YES;
				GCC_C_LANGUAGE_STANDARD = gnu17;
				GCC_NO_COMMON_BLOCKS = YES;
				GCC_WARN_64_TO_32_BIT_CONVERSION = YES;
				GCC_WARN_ABOUT_RETURN_TYPE = YES_ERROR;
				GCC_WARN_UNDECLARED_SELECTOR = YES;
				GCC_WARN_UNINITIALIZED_AUTOS = YES_AGGRESSIVE;
				GCC_WARN_UNUSED_FUNCTION = YES;
				GCC_WARN_UNUSED_VARIABLE = YES;
				IPHONEOS_DEPLOYMENT_TARGET = 18.1;
				LOCALIZATION_PREFERS_STRING_CATALOGS = YES;
				MTL_ENABLE_DEBUG_INFO = NO;
				MTL_FAST_MATH = YES;
				SDKROOT = iphoneos;
				SWIFT_COMPILATION_MODE = wholemodule;
				VALIDATE_PRODUCT = YES;
			};
			name = Release;
		};
		CDF903812D0ADBDE00593BE3 /* Debug */ = {
			isa = XCBuildConfiguration;
			buildSettings = {
				ASSETCATALOG_COMPILER_APPICON_NAME = AppIcon;
				ASSETCATALOG_COMPILER_GLOBAL_ACCENT_COLOR_NAME = AccentColor;
				CODE_SIGN_STYLE = Automatic;
				CURRENT_PROJECT_VERSION = 1;
				DEVELOPMENT_ASSET_PATHS = "\"MatZip/Preview Content\"";
				DEVELOPMENT_TEAM = N954XS4D2X;
				ENABLE_PREVIEWS = YES;
				GENERATE_INFOPLIST_FILE = YES;
				INFOPLIST_KEY_UIApplicationSceneManifest_Generation = YES;
				INFOPLIST_KEY_UIApplicationSupportsIndirectInputEvents = YES;
				INFOPLIST_KEY_UILaunchScreen_Generation = YES;
				INFOPLIST_KEY_UISupportedInterfaceOrientations_iPad = "UIInterfaceOrientationPortrait UIInterfaceOrientationPortraitUpsideDown UIInterfaceOrientationLandscapeLeft UIInterfaceOrientationLandscapeRight";
				INFOPLIST_KEY_UISupportedInterfaceOrientations_iPhone = "UIInterfaceOrientationPortrait UIInterfaceOrientationLandscapeLeft UIInterfaceOrientationLandscapeRight";
				LD_RUNPATH_SEARCH_PATHS = (
					"$(inherited)",
					"@executable_path/Frameworks",
				);
				MARKETING_VERSION = 1.0;
				PRODUCT_BUNDLE_IDENTIFIER = com.madcow.MatZip;
				PRODUCT_NAME = "$(TARGET_NAME)";
				SWIFT_EMIT_LOC_STRINGS = YES;
				SWIFT_VERSION = 5.0;
				TARGETED_DEVICE_FAMILY = "1,2";
			};
			name = Debug;
		};
		CDF903822D0ADBDE00593BE3 /* Release */ = {
			isa = XCBuildConfiguration;
			buildSettings = {
				ASSETCATALOG_COMPILER_APPICON_NAME = AppIcon;
				ASSETCATALOG_COMPILER_GLOBAL_ACCENT_COLOR_NAME = AccentColor;
				CODE_SIGN_STYLE = Automatic;
				CURRENT_PROJECT_VERSION = 1;
				DEVELOPMENT_ASSET_PATHS = "\"MatZip/Preview Content\"";
				DEVELOPMENT_TEAM = N954XS4D2X;
				ENABLE_PREVIEWS = YES;
				GENERATE_INFOPLIST_FILE = YES;
				INFOPLIST_KEY_UIApplicationSceneManifest_Generation = YES;
				INFOPLIST_KEY_UIApplicationSupportsIndirectInputEvents = YES;
				INFOPLIST_KEY_UILaunchScreen_Generation = YES;
				INFOPLIST_KEY_UISupportedInterfaceOrientations_iPad = "UIInterfaceOrientationPortrait UIInterfaceOrientationPortraitUpsideDown UIInterfaceOrientationLandscapeLeft UIInterfaceOrientationLandscapeRight";
				INFOPLIST_KEY_UISupportedInterfaceOrientations_iPhone = "UIInterfaceOrientationPortrait UIInterfaceOrientationLandscapeLeft UIInterfaceOrientationLandscapeRight";
				LD_RUNPATH_SEARCH_PATHS = (
					"$(inherited)",
					"@executable_path/Frameworks",
				);
				MARKETING_VERSION = 1.0;
				PRODUCT_BUNDLE_IDENTIFIER = com.madcow.MatZip;
				PRODUCT_NAME = "$(TARGET_NAME)";
				SWIFT_EMIT_LOC_STRINGS = YES;
				SWIFT_VERSION = 5.0;
				TARGETED_DEVICE_FAMILY = "1,2";
			};
			name = Release;
		};
		CDF903842D0ADBDE00593BE3 /* Debug */ = {
			isa = XCBuildConfiguration;
			buildSettings = {
				BUNDLE_LOADER = "$(TEST_HOST)";
				CODE_SIGN_STYLE = Automatic;
				CURRENT_PROJECT_VERSION = 1;
				DEVELOPMENT_TEAM = N954XS4D2X;
				GENERATE_INFOPLIST_FILE = YES;
				IPHONEOS_DEPLOYMENT_TARGET = 18.1;
				MARKETING_VERSION = 1.0;
				PRODUCT_BUNDLE_IDENTIFIER = com.madcow.MatZipTests;
				PRODUCT_NAME = "$(TARGET_NAME)";
				SWIFT_EMIT_LOC_STRINGS = NO;
				SWIFT_VERSION = 5.0;
				TARGETED_DEVICE_FAMILY = "1,2";
				TEST_HOST = "$(BUILT_PRODUCTS_DIR)/MatZip.app/$(BUNDLE_EXECUTABLE_FOLDER_PATH)/MatZip";
			};
			name = Debug;
		};
		CDF903852D0ADBDE00593BE3 /* Release */ = {
			isa = XCBuildConfiguration;
			buildSettings = {
				BUNDLE_LOADER = "$(TEST_HOST)";
				CODE_SIGN_STYLE = Automatic;
				CURRENT_PROJECT_VERSION = 1;
				DEVELOPMENT_TEAM = N954XS4D2X;
				GENERATE_INFOPLIST_FILE = YES;
				IPHONEOS_DEPLOYMENT_TARGET = 18.1;
				MARKETING_VERSION = 1.0;
				PRODUCT_BUNDLE_IDENTIFIER = com.madcow.MatZipTests;
				PRODUCT_NAME = "$(TARGET_NAME)";
				SWIFT_EMIT_LOC_STRINGS = NO;
				SWIFT_VERSION = 5.0;
				TARGETED_DEVICE_FAMILY = "1,2";
				TEST_HOST = "$(BUILT_PRODUCTS_DIR)/MatZip.app/$(BUNDLE_EXECUTABLE_FOLDER_PATH)/MatZip";
			};
			name = Release;
		};
		CDF903872D0ADBDE00593BE3 /* Debug */ = {
			isa = XCBuildConfiguration;
			buildSettings = {
				CODE_SIGN_STYLE = Automatic;
				CURRENT_PROJECT_VERSION = 1;
				DEVELOPMENT_TEAM = N954XS4D2X;
				GENERATE_INFOPLIST_FILE = YES;
				MARKETING_VERSION = 1.0;
				PRODUCT_BUNDLE_IDENTIFIER = com.madcow.MatZipUITests;
				PRODUCT_NAME = "$(TARGET_NAME)";
				SWIFT_EMIT_LOC_STRINGS = NO;
				SWIFT_VERSION = 5.0;
				TARGETED_DEVICE_FAMILY = "1,2";
				TEST_TARGET_NAME = MatZip;
			};
			name = Debug;
		};
		CDF903882D0ADBDE00593BE3 /* Release */ = {
			isa = XCBuildConfiguration;
			buildSettings = {
				CODE_SIGN_STYLE = Automatic;
				CURRENT_PROJECT_VERSION = 1;
				DEVELOPMENT_TEAM = N954XS4D2X;
				GENERATE_INFOPLIST_FILE = YES;
				MARKETING_VERSION = 1.0;
				PRODUCT_BUNDLE_IDENTIFIER = com.madcow.MatZipUITests;
				PRODUCT_NAME = "$(TARGET_NAME)";
				SWIFT_EMIT_LOC_STRINGS = NO;
				SWIFT_VERSION = 5.0;
				TARGETED_DEVICE_FAMILY = "1,2";
				TEST_TARGET_NAME = MatZip;
			};
			name = Release;
		};
/* End XCBuildConfiguration section */

/* Begin XCConfigurationList section */
		CDF903552D0ADBDC00593BE3 /* Build configuration list for PBXProject "MatZip" */ = {
			isa = XCConfigurationList;
			buildConfigurations = (
				CDF9037E2D0ADBDE00593BE3 /* Debug */,
				CDF9037F2D0ADBDE00593BE3 /* Release */,
			);
			defaultConfigurationIsVisible = 0;
			defaultConfigurationName = Release;
		};
		CDF903802D0ADBDE00593BE3 /* Build configuration list for PBXNativeTarget "MatZip" */ = {
			isa = XCConfigurationList;
			buildConfigurations = (
				CDF903812D0ADBDE00593BE3 /* Debug */,
				CDF903822D0ADBDE00593BE3 /* Release */,
			);
			defaultConfigurationIsVisible = 0;
			defaultConfigurationName = Release;
		};
		CDF903832D0ADBDE00593BE3 /* Build configuration list for PBXNativeTarget "MatZipTests" */ = {
			isa = XCConfigurationList;
			buildConfigurations = (
				CDF903842D0ADBDE00593BE3 /* Debug */,
				CDF903852D0ADBDE00593BE3 /* Release */,
			);
			defaultConfigurationIsVisible = 0;
			defaultConfigurationName = Release;
		};
		CDF903862D0ADBDE00593BE3 /* Build configuration list for PBXNativeTarget "MatZipUITests" */ = {
			isa = XCConfigurationList;
			buildConfigurations = (
				CDF903872D0ADBDE00593BE3 /* Debug */,
				CDF903882D0ADBDE00593BE3 /* Release */,
			);
			defaultConfigurationIsVisible = 0;
			defaultConfigurationName = Release;
		};
/* End XCConfigurationList section */
	};
	rootObject = CDF903522D0ADBDC00593BE3 /* Project object */;
}
